// !$*UTF8*$!
{
	archiveVersion = 1;
	classes = {
	};
	objectVersion = 46;
	objects = {

/* Begin PBXBuildFile section */
		22EF328A1B49E12300CB803B /* Carnival.framework in Frameworks */ = {isa = PBXBuildFile; fileRef = 22EF32881B49E12300CB803B /* Carnival.framework */; };
		22EF328B1B49E12300CB803B /* CarnivalResources.bundle in Resources */ = {isa = PBXBuildFile; fileRef = 22EF32891B49E12300CB803B /* CarnivalResources.bundle */; };
		753541C119C0462D00B7F2BD /* AppDelegate.swift in Sources */ = {isa = PBXBuildFile; fileRef = 753541C019C0462D00B7F2BD /* AppDelegate.swift */; };
		753541C319C0462D00B7F2BD /* ViewController.swift in Sources */ = {isa = PBXBuildFile; fileRef = 753541C219C0462D00B7F2BD /* ViewController.swift */; };
		753541C619C0462D00B7F2BD /* Main.storyboard in Resources */ = {isa = PBXBuildFile; fileRef = 753541C419C0462D00B7F2BD /* Main.storyboard */; };
		753541C819C0462D00B7F2BD /* Images.xcassets in Resources */ = {isa = PBXBuildFile; fileRef = 753541C719C0462D00B7F2BD /* Images.xcassets */; };
		7535425E19C04BDD00B7F2BD /* MediaPlayer.framework in Frameworks */ = {isa = PBXBuildFile; fileRef = 7535425919C04BA300B7F2BD /* MediaPlayer.framework */; };
		7535425F19C04BDD00B7F2BD /* AVFoundation.framework in Frameworks */ = {isa = PBXBuildFile; fileRef = 7535425719C04B9C00B7F2BD /* AVFoundation.framework */; };
		75DAC1FE19C061C6007F4332 /* libz.dylib in Frameworks */ = {isa = PBXBuildFile; fileRef = 75DAC1FD19C061C6007F4332 /* libz.dylib */; };
		75DAC20319C0626F007F4332 /* CoreGraphics.framework in Frameworks */ = {isa = PBXBuildFile; fileRef = 75DAC20119C06256007F4332 /* CoreGraphics.framework */; };
		75DAC20419C0626F007F4332 /* CoreLocation.framework in Frameworks */ = {isa = PBXBuildFile; fileRef = 75DAC1FF19C0624F007F4332 /* CoreLocation.framework */; };
		75F3A8A41AF81DD900D8014C /* UIBarButtonItem+Additions.swift in Sources */ = {isa = PBXBuildFile; fileRef = 75F3A8A31AF81DD900D8014C /* UIBarButtonItem+Additions.swift */; };
/* End PBXBuildFile section */

/* Begin PBXFileReference section */
		22EF32881B49E12300CB803B /* Carnival.framework */ = {isa = PBXFileReference; lastKnownFileType = wrapper.framework; path = Carnival.framework; sourceTree = "<group>"; };
		22EF32891B49E12300CB803B /* CarnivalResources.bundle */ = {isa = PBXFileReference; lastKnownFileType = "wrapper.plug-in"; path = CarnivalResources.bundle; sourceTree = "<group>"; };
		753541BB19C0462D00B7F2BD /* SwiftExampleProject.app */ = {isa = PBXFileReference; explicitFileType = wrapper.application; includeInIndex = 0; path = SwiftExampleProject.app; sourceTree = BUILT_PRODUCTS_DIR; };
		753541BF19C0462D00B7F2BD /* Info.plist */ = {isa = PBXFileReference; lastKnownFileType = text.plist.xml; path = Info.plist; sourceTree = "<group>"; };
		753541C019C0462D00B7F2BD /* AppDelegate.swift */ = {isa = PBXFileReference; lastKnownFileType = sourcecode.swift; path = AppDelegate.swift; sourceTree = "<group>"; };
		753541C219C0462D00B7F2BD /* ViewController.swift */ = {isa = PBXFileReference; lastKnownFileType = sourcecode.swift; path = ViewController.swift; sourceTree = "<group>"; };
		753541C519C0462D00B7F2BD /* Base */ = {isa = PBXFileReference; lastKnownFileType = file.storyboard; name = Base; path = Base.lproj/Main.storyboard; sourceTree = "<group>"; };
		753541C719C0462D00B7F2BD /* Images.xcassets */ = {isa = PBXFileReference; lastKnownFileType = folder.assetcatalog; path = Images.xcassets; sourceTree = "<group>"; };
		753541D519C0462D00B7F2BD /* Info.plist */ = {isa = PBXFileReference; lastKnownFileType = text.plist.xml; path = Info.plist; sourceTree = "<group>"; };
		753541D619C0462D00B7F2BD /* SwiftExampleProjectTests.swift */ = {isa = PBXFileReference; lastKnownFileType = sourcecode.swift; path = SwiftExampleProjectTests.swift; sourceTree = "<group>"; };
		7535425719C04B9C00B7F2BD /* AVFoundation.framework */ = {isa = PBXFileReference; lastKnownFileType = wrapper.framework; name = AVFoundation.framework; path = System/Library/Frameworks/AVFoundation.framework; sourceTree = SDKROOT; };
		7535425919C04BA300B7F2BD /* MediaPlayer.framework */ = {isa = PBXFileReference; lastKnownFileType = wrapper.framework; name = MediaPlayer.framework; path = System/Library/Frameworks/MediaPlayer.framework; sourceTree = SDKROOT; };
		7535426C19C05B4B00B7F2BD /* Carnival-Bridging-Header.h */ = {isa = PBXFileReference; fileEncoding = 4; lastKnownFileType = sourcecode.c.h; path = "Carnival-Bridging-Header.h"; sourceTree = "<group>"; };
		75DAC1FD19C061C6007F4332 /* libz.dylib */ = {isa = PBXFileReference; lastKnownFileType = "compiled.mach-o.dylib"; name = libz.dylib; path = usr/lib/libz.dylib; sourceTree = SDKROOT; };
		75DAC1FF19C0624F007F4332 /* CoreLocation.framework */ = {isa = PBXFileReference; lastKnownFileType = wrapper.framework; name = CoreLocation.framework; path = System/Library/Frameworks/CoreLocation.framework; sourceTree = SDKROOT; };
		75DAC20119C06256007F4332 /* CoreGraphics.framework */ = {isa = PBXFileReference; lastKnownFileType = wrapper.framework; name = CoreGraphics.framework; path = System/Library/Frameworks/CoreGraphics.framework; sourceTree = SDKROOT; };
		75F3A8A31AF81DD900D8014C /* UIBarButtonItem+Additions.swift */ = {isa = PBXFileReference; fileEncoding = 4; lastKnownFileType = sourcecode.swift; path = "UIBarButtonItem+Additions.swift"; sourceTree = "<group>"; };
/* End PBXFileReference section */

/* Begin PBXFrameworksBuildPhase section */
		753541B819C0462D00B7F2BD /* Frameworks */ = {
			isa = PBXFrameworksBuildPhase;
			buildActionMask = 2147483647;
			files = (
				22EF328A1B49E12300CB803B /* Carnival.framework in Frameworks */,
				75DAC1FE19C061C6007F4332 /* libz.dylib in Frameworks */,
				75DAC20319C0626F007F4332 /* CoreGraphics.framework in Frameworks */,
				75DAC20419C0626F007F4332 /* CoreLocation.framework in Frameworks */,
				7535425E19C04BDD00B7F2BD /* MediaPlayer.framework in Frameworks */,
				7535425F19C04BDD00B7F2BD /* AVFoundation.framework in Frameworks */,
			);
			runOnlyForDeploymentPostprocessing = 0;
		};
/* End PBXFrameworksBuildPhase section */

/* Begin PBXGroup section */
		753541B219C0462D00B7F2BD = {
			isa = PBXGroup;
			children = (
				753541BD19C0462D00B7F2BD /* SwiftExampleProject */,
				753541D319C0462D00B7F2BD /* SwiftExampleProjectTests */,
				753541BC19C0462D00B7F2BD /* Products */,
			);
			sourceTree = "<group>";
		};
		753541BC19C0462D00B7F2BD /* Products */ = {
			isa = PBXGroup;
			children = (
				753541BB19C0462D00B7F2BD /* SwiftExampleProject.app */,
			);
			name = Products;
			sourceTree = "<group>";
		};
		753541BD19C0462D00B7F2BD /* SwiftExampleProject */ = {
			isa = PBXGroup;
			children = (
				7535426A19C05B4B00B7F2BD /* Vendor */,
				753541C019C0462D00B7F2BD /* AppDelegate.swift */,
				753541C219C0462D00B7F2BD /* ViewController.swift */,
				75F3A8A31AF81DD900D8014C /* UIBarButtonItem+Additions.swift */,
				753541C419C0462D00B7F2BD /* Main.storyboard */,
				753541C719C0462D00B7F2BD /* Images.xcassets */,
				7535425D19C04BC000B7F2BD /* Frameworks */,
				753541BE19C0462D00B7F2BD /* Supporting Files */,
			);
			path = SwiftExampleProject;
			sourceTree = "<group>";
		};
		753541BE19C0462D00B7F2BD /* Supporting Files */ = {
			isa = PBXGroup;
			children = (
				753541BF19C0462D00B7F2BD /* Info.plist */,
			);
			name = "Supporting Files";
			sourceTree = "<group>";
		};
		753541D319C0462D00B7F2BD /* SwiftExampleProjectTests */ = {
			isa = PBXGroup;
			children = (
				753541D619C0462D00B7F2BD /* SwiftExampleProjectTests.swift */,
				753541D419C0462D00B7F2BD /* Supporting Files */,
			);
			path = SwiftExampleProjectTests;
			sourceTree = "<group>";
		};
		753541D419C0462D00B7F2BD /* Supporting Files */ = {
			isa = PBXGroup;
			children = (
				753541D519C0462D00B7F2BD /* Info.plist */,
			);
			name = "Supporting Files";
			sourceTree = "<group>";
		};
		7535425D19C04BC000B7F2BD /* Frameworks */ = {
			isa = PBXGroup;
			children = (
				75DAC1FD19C061C6007F4332 /* libz.dylib */,
				75DAC20119C06256007F4332 /* CoreGraphics.framework */,
				75DAC1FF19C0624F007F4332 /* CoreLocation.framework */,
				7535425919C04BA300B7F2BD /* MediaPlayer.framework */,
				7535425719C04B9C00B7F2BD /* AVFoundation.framework */,
			);
			name = Frameworks;
			sourceTree = "<group>";
		};
		7535426A19C05B4B00B7F2BD /* Vendor */ = {
			isa = PBXGroup;
			children = (
				7535426B19C05B4B00B7F2BD /* Carnival */,
			);
			path = Vendor;
			sourceTree = "<group>";
		};
		7535426B19C05B4B00B7F2BD /* Carnival */ = {
			isa = PBXGroup;
			children = (
				22EF32881B49E12300CB803B /* Carnival.framework */,
				22EF32891B49E12300CB803B /* CarnivalResources.bundle */,
				7535426C19C05B4B00B7F2BD /* Carnival-Bridging-Header.h */,
			);
			path = Carnival;
			sourceTree = "<group>";
		};
/* End PBXGroup section */

/* Begin PBXNativeTarget section */
		753541BA19C0462D00B7F2BD /* SwiftExampleProject */ = {
			isa = PBXNativeTarget;
			buildConfigurationList = 753541DA19C0462D00B7F2BD /* Build configuration list for PBXNativeTarget "SwiftExampleProject" */;
			buildPhases = (
				753541B719C0462D00B7F2BD /* Sources */,
				753541B819C0462D00B7F2BD /* Frameworks */,
				753541B919C0462D00B7F2BD /* Resources */,
			);
			buildRules = (
			);
			dependencies = (
			);
			name = SwiftExampleProject;
			productName = SwiftExampleProject;
			productReference = 753541BB19C0462D00B7F2BD /* SwiftExampleProject.app */;
			productType = "com.apple.product-type.application";
		};
/* End PBXNativeTarget section */

/* Begin PBXProject section */
		753541B319C0462D00B7F2BD /* Project object */ = {
			isa = PBXProject;
			attributes = {
				LastUpgradeCheck = 0600;
				ORGANIZATIONNAME = "Carnival Labs";
				TargetAttributes = {
					753541BA19C0462D00B7F2BD = {
						CreatedOnToolsVersion = 6.0;
					};
				};
			};
			buildConfigurationList = 753541B619C0462D00B7F2BD /* Build configuration list for PBXProject "SwiftExampleProject" */;
			compatibilityVersion = "Xcode 3.2";
			developmentRegion = English;
			hasScannedForEncodings = 0;
			knownRegions = (
				en,
				Base,
			);
			mainGroup = 753541B219C0462D00B7F2BD;
			productRefGroup = 753541BC19C0462D00B7F2BD /* Products */;
			projectDirPath = "";
			projectRoot = "";
			targets = (
				753541BA19C0462D00B7F2BD /* SwiftExampleProject */,
			);
		};
/* End PBXProject section */

/* Begin PBXResourcesBuildPhase section */
		753541B919C0462D00B7F2BD /* Resources */ = {
			isa = PBXResourcesBuildPhase;
			buildActionMask = 2147483647;
			files = (
				22EF328B1B49E12300CB803B /* CarnivalResources.bundle in Resources */,
				753541C619C0462D00B7F2BD /* Main.storyboard in Resources */,
				753541C819C0462D00B7F2BD /* Images.xcassets in Resources */,
			);
			runOnlyForDeploymentPostprocessing = 0;
		};
/* End PBXResourcesBuildPhase section */

/* Begin PBXSourcesBuildPhase section */
		753541B719C0462D00B7F2BD /* Sources */ = {
			isa = PBXSourcesBuildPhase;
			buildActionMask = 2147483647;
			files = (
				753541C319C0462D00B7F2BD /* ViewController.swift in Sources */,
				753541C119C0462D00B7F2BD /* AppDelegate.swift in Sources */,
				75F3A8A41AF81DD900D8014C /* UIBarButtonItem+Additions.swift in Sources */,
			);
			runOnlyForDeploymentPostprocessing = 0;
		};
/* End PBXSourcesBuildPhase section */

/* Begin PBXVariantGroup section */
		753541C419C0462D00B7F2BD /* Main.storyboard */ = {
			isa = PBXVariantGroup;
			children = (
				753541C519C0462D00B7F2BD /* Base */,
			);
			name = Main.storyboard;
			sourceTree = "<group>";
		};
/* End PBXVariantGroup section */

/* Begin XCBuildConfiguration section */
		753541D819C0462D00B7F2BD /* Debug */ = {
			isa = XCBuildConfiguration;
			buildSettings = {
				ALWAYS_SEARCH_USER_PATHS = NO;
				CLANG_CXX_LANGUAGE_STANDARD = "gnu++0x";
				CLANG_CXX_LIBRARY = "libc++";
				CLANG_ENABLE_MODULES = YES;
				CLANG_ENABLE_OBJC_ARC = YES;
				CLANG_WARN_BOOL_CONVERSION = YES;
				CLANG_WARN_CONSTANT_CONVERSION = YES;
				CLANG_WARN_DIRECT_OBJC_ISA_USAGE = YES_ERROR;
				CLANG_WARN_EMPTY_BODY = YES;
				CLANG_WARN_ENUM_CONVERSION = YES;
				CLANG_WARN_INT_CONVERSION = YES;
				CLANG_WARN_OBJC_ROOT_CLASS = YES_ERROR;
				CLANG_WARN_UNREACHABLE_CODE = YES;
				CLANG_WARN__DUPLICATE_METHOD_MATCH = YES;
				"CODE_SIGN_IDENTITY[sdk=iphoneos*]" = "iPhone Developer";
				COPY_PHASE_STRIP = NO;
				ENABLE_STRICT_OBJC_MSGSEND = YES;
				GCC_C_LANGUAGE_STANDARD = gnu99;
				GCC_DYNAMIC_NO_PIC = NO;
				GCC_OPTIMIZATION_LEVEL = 0;
				GCC_PREPROCESSOR_DEFINITIONS = (
					"DEBUG=1",
					"$(inherited)",
				);
				GCC_SYMBOLS_PRIVATE_EXTERN = NO;
				GCC_WARN_64_TO_32_BIT_CONVERSION = YES;
				GCC_WARN_ABOUT_RETURN_TYPE = YES_ERROR;
				GCC_WARN_UNDECLARED_SELECTOR = YES;
				GCC_WARN_UNINITIALIZED_AUTOS = YES_AGGRESSIVE;
				GCC_WARN_UNUSED_FUNCTION = YES;
				GCC_WARN_UNUSED_VARIABLE = YES;
				IPHONEOS_DEPLOYMENT_TARGET = 8.0;
				MTL_ENABLE_DEBUG_INFO = YES;
				ONLY_ACTIVE_ARCH = YES;
				SDKROOT = iphoneos;
				SWIFT_OPTIMIZATION_LEVEL = "-Onone";
			};
			name = Debug;
		};
		753541D919C0462D00B7F2BD /* Release */ = {
			isa = XCBuildConfiguration;
			buildSettings = {
				ALWAYS_SEARCH_USER_PATHS = NO;
				CLANG_CXX_LANGUAGE_STANDARD = "gnu++0x";
				CLANG_CXX_LIBRARY = "libc++";
				CLANG_ENABLE_MODULES = YES;
				CLANG_ENABLE_OBJC_ARC = YES;
				CLANG_WARN_BOOL_CONVERSION = YES;
				CLANG_WARN_CONSTANT_CONVERSION = YES;
				CLANG_WARN_DIRECT_OBJC_ISA_USAGE = YES_ERROR;
				CLANG_WARN_EMPTY_BODY = YES;
				CLANG_WARN_ENUM_CONVERSION = YES;
				CLANG_WARN_INT_CONVERSION = YES;
				CLANG_WARN_OBJC_ROOT_CLASS = YES_ERROR;
				CLANG_WARN_UNREACHABLE_CODE = YES;
				CLANG_WARN__DUPLICATE_METHOD_MATCH = YES;
				"CODE_SIGN_IDENTITY[sdk=iphoneos*]" = "iPhone Developer";
				COPY_PHASE_STRIP = YES;
				ENABLE_NS_ASSERTIONS = NO;
				ENABLE_STRICT_OBJC_MSGSEND = YES;
				GCC_C_LANGUAGE_STANDARD = gnu99;
				GCC_WARN_64_TO_32_BIT_CONVERSION = YES;
				GCC_WARN_ABOUT_RETURN_TYPE = YES_ERROR;
				GCC_WARN_UNDECLARED_SELECTOR = YES;
				GCC_WARN_UNINITIALIZED_AUTOS = YES_AGGRESSIVE;
				GCC_WARN_UNUSED_FUNCTION = YES;
				GCC_WARN_UNUSED_VARIABLE = YES;
				IPHONEOS_DEPLOYMENT_TARGET = 8.0;
				MTL_ENABLE_DEBUG_INFO = NO;
				SDKROOT = iphoneos;
				VALIDATE_PRODUCT = YES;
			};
			name = Release;
		};
		753541DB19C0462D00B7F2BD /* Debug */ = {
			isa = XCBuildConfiguration;
			buildSettings = {
				ASSETCATALOG_COMPILER_APPICON_NAME = AppIcon;
				ASSETCATALOG_COMPILER_LAUNCHIMAGE_NAME = LaunchImage;
				DEFINES_MODULE = YES;
				FRAMEWORK_SEARCH_PATHS = (
					"$(inherited)",
					"$(PROJECT_DIR)/SwiftExampleProject/Vendor/Carnival",
				);
				INFOPLIST_FILE = SwiftExampleProject/Info.plist;
				IPHONEOS_DEPLOYMENT_TARGET = 7.0;
				LD_RUNPATH_SEARCH_PATHS = "$(inherited) @executable_path/Frameworks";
				OTHER_LDFLAGS = "$(inherited)";
				PRODUCT_NAME = "$(TARGET_NAME)";
				SWIFT_OBJC_BRIDGING_HEADER = "SwiftExampleProject/Vendor/Carnival/Carnival-Bridging-Header.h";
				TARGETED_DEVICE_FAMILY = "1,2";
				VALID_ARCHS = "arm64 armv7 armv7s x86_64";
			};
			name = Debug;
		};
		753541DC19C0462D00B7F2BD /* Release */ = {
			isa = XCBuildConfiguration;
			buildSettings = {
				ASSETCATALOG_COMPILER_APPICON_NAME = AppIcon;
				ASSETCATALOG_COMPILER_LAUNCHIMAGE_NAME = LaunchImage;
				DEFINES_MODULE = YES;
				FRAMEWORK_SEARCH_PATHS = (
					"$(inherited)",
					"$(PROJECT_DIR)/SwiftExampleProject/Vendor/Carnival",
				);
				INFOPLIST_FILE = SwiftExampleProject/Info.plist;
				IPHONEOS_DEPLOYMENT_TARGET = 7.0;
				LD_RUNPATH_SEARCH_PATHS = "$(inherited) @executable_path/Frameworks";
				OTHER_LDFLAGS = "$(inherited)";
				PRODUCT_NAME = "$(TARGET_NAME)";
				SWIFT_OBJC_BRIDGING_HEADER = "SwiftExampleProject/Vendor/Carnival/Carnival-Bridging-Header.h";
				TARGETED_DEVICE_FAMILY = "1,2";
				VALID_ARCHS = "arm64 armv7 armv7s x86_64";
			};
			name = Release;
		};
/* End XCBuildConfiguration section */

/* Begin XCConfigurationList section */
		753541B619C0462D00B7F2BD /* Build configuration list for PBXProject "SwiftExampleProject" */ = {
			isa = XCConfigurationList;
			buildConfigurations = (
				753541D819C0462D00B7F2BD /* Debug */,
				753541D919C0462D00B7F2BD /* Release */,
			);
			defaultConfigurationIsVisible = 0;
			defaultConfigurationName = Release;
		};
		753541DA19C0462D00B7F2BD /* Build configuration list for PBXNativeTarget "SwiftExampleProject" */ = {
			isa = XCConfigurationList;
			buildConfigurations = (
				753541DB19C0462D00B7F2BD /* Debug */,
				753541DC19C0462D00B7F2BD /* Release */,
			);
			defaultConfigurationIsVisible = 0;
			defaultConfigurationName = Release;
		};
/* End XCConfigurationList section */
	};
	rootObject = 753541B319C0462D00B7F2BD /* Project object */;
}
