// !$*UTF8*$!
{
	archiveVersion = 1;
	classes = {
	};
	objectVersion = 46;
	objects = {

/* Begin PBXBuildFile section */
		228702781CAA2B120087E877 /* Carnival.framework in Frameworks */ = {isa = PBXBuildFile; fileRef = 228702751CAA2B120087E877 /* Carnival.framework */; };
		22B325F41C6153A700A7056D /* Security.framework in Frameworks */ = {isa = PBXBuildFile; fileRef = 22B325F31C6153A700A7056D /* Security.framework */; };
		758D6AF419AE915600F09C8D /* (null) in Resources */ = {isa = PBXBuildFile; };
		758D6AF619AE91E000F09C8D /* AVFoundation.framework in Frameworks */ = {isa = PBXBuildFile; fileRef = 758D6AF519AE91E000F09C8D /* AVFoundation.framework */; };
		758D6AF819AE91E800F09C8D /* MediaPlayer.framework in Frameworks */ = {isa = PBXBuildFile; fileRef = 758D6AF719AE91E800F09C8D /* MediaPlayer.framework */; };
		758E8D89186367C900A8AFA4 /* Foundation.framework in Frameworks */ = {isa = PBXBuildFile; fileRef = 758E8D88186367C900A8AFA4 /* Foundation.framework */; };
		758E8D8D186367C900A8AFA4 /* UIKit.framework in Frameworks */ = {isa = PBXBuildFile; fileRef = 758E8D8C186367C900A8AFA4 /* UIKit.framework */; };
		758E8D93186367C900A8AFA4 /* InfoPlist.strings in Resources */ = {isa = PBXBuildFile; fileRef = 758E8D91186367C900A8AFA4 /* InfoPlist.strings */; };
		758E8D95186367C900A8AFA4 /* main.m in Sources */ = {isa = PBXBuildFile; fileRef = 758E8D94186367C900A8AFA4 /* main.m */; };
		758E8D99186367C900A8AFA4 /* ExampleAppDelegate.m in Sources */ = {isa = PBXBuildFile; fileRef = 758E8D98186367C900A8AFA4 /* ExampleAppDelegate.m */; };
		758E8D9C186367C900A8AFA4 /* Main_iPhone.storyboard in Resources */ = {isa = PBXBuildFile; fileRef = 758E8D9A186367C900A8AFA4 /* Main_iPhone.storyboard */; };
		758E8D9F186367C900A8AFA4 /* Main_iPad.storyboard in Resources */ = {isa = PBXBuildFile; fileRef = 758E8D9D186367C900A8AFA4 /* Main_iPad.storyboard */; };
		758E8DA2186367C900A8AFA4 /* ExampleViewController.m in Sources */ = {isa = PBXBuildFile; fileRef = 758E8DA1186367C900A8AFA4 /* ExampleViewController.m */; };
		758E8DA4186367C900A8AFA4 /* Images.xcassets in Resources */ = {isa = PBXBuildFile; fileRef = 758E8DA3186367C900A8AFA4 /* Images.xcassets */; };
		75D77B2D19F0778300BD2319 /* CoreGraphics.framework in Frameworks */ = {isa = PBXBuildFile; fileRef = 75D77B2C19F0778300BD2319 /* CoreGraphics.framework */; };
		75D77B2F19F0779600BD2319 /* CoreLocation.framework in Frameworks */ = {isa = PBXBuildFile; fileRef = 75D77B2E19F0779600BD2319 /* CoreLocation.framework */; };
		75D77B3119F077A500BD2319 /* QuartzCore.framework in Frameworks */ = {isa = PBXBuildFile; fileRef = 75D77B3019F077A500BD2319 /* QuartzCore.framework */; };
		8A3C40B41E31A9090017AEBC /* Carnival.framework in Frameworks */ = {isa = PBXBuildFile; fileRef = 8A3C40B11E31A9090017AEBC /* Carnival.framework */; };
		8A3C40B51E31A9090017AEBC /* CarnivalResources.bundle in Resources */ = {isa = PBXBuildFile; fileRef = 8A3C40B31E31A9090017AEBC /* CarnivalResources.bundle */; };
/* End PBXBuildFile section */

/* Begin PBXFileReference section */
		228702751CAA2B120087E877 /* Carnival.framework */ = {isa = PBXFileReference; lastKnownFileType = wrapper.framework; path = Carnival.framework; sourceTree = "<group>"; };
		22B325F31C6153A700A7056D /* Security.framework */ = {isa = PBXFileReference; lastKnownFileType = wrapper.framework; name = Security.framework; path = System/Library/Frameworks/Security.framework; sourceTree = SDKROOT; };
		7566D52919F9B984007D5D27 /* AdSupport.framework */ = {isa = PBXFileReference; lastKnownFileType = wrapper.framework; name = AdSupport.framework; path = System/Library/Frameworks/AdSupport.framework; sourceTree = SDKROOT; };
		758D6AF519AE91E000F09C8D /* AVFoundation.framework */ = {isa = PBXFileReference; lastKnownFileType = wrapper.framework; name = AVFoundation.framework; path = System/Library/Frameworks/AVFoundation.framework; sourceTree = SDKROOT; };
		758D6AF719AE91E800F09C8D /* MediaPlayer.framework */ = {isa = PBXFileReference; lastKnownFileType = wrapper.framework; name = MediaPlayer.framework; path = System/Library/Frameworks/MediaPlayer.framework; sourceTree = SDKROOT; };
		758E8D85186367C900A8AFA4 /* ExampleProject.app */ = {isa = PBXFileReference; explicitFileType = wrapper.application; includeInIndex = 0; path = ExampleProject.app; sourceTree = BUILT_PRODUCTS_DIR; };
		758E8D88186367C900A8AFA4 /* Foundation.framework */ = {isa = PBXFileReference; lastKnownFileType = wrapper.framework; name = Foundation.framework; path = System/Library/Frameworks/Foundation.framework; sourceTree = SDKROOT; };
		758E8D8C186367C900A8AFA4 /* UIKit.framework */ = {isa = PBXFileReference; lastKnownFileType = wrapper.framework; name = UIKit.framework; path = System/Library/Frameworks/UIKit.framework; sourceTree = SDKROOT; };
		758E8D90186367C900A8AFA4 /* ExampleProject-Info.plist */ = {isa = PBXFileReference; lastKnownFileType = text.plist.xml; path = "ExampleProject-Info.plist"; sourceTree = "<group>"; };
		758E8D92186367C900A8AFA4 /* en */ = {isa = PBXFileReference; lastKnownFileType = text.plist.strings; name = en; path = en.lproj/InfoPlist.strings; sourceTree = "<group>"; };
		758E8D94186367C900A8AFA4 /* main.m */ = {isa = PBXFileReference; lastKnownFileType = sourcecode.c.objc; path = main.m; sourceTree = "<group>"; };
		758E8D96186367C900A8AFA4 /* ExampleProject-Prefix.pch */ = {isa = PBXFileReference; lastKnownFileType = sourcecode.c.h; path = "ExampleProject-Prefix.pch"; sourceTree = "<group>"; };
		758E8D97186367C900A8AFA4 /* ExampleAppDelegate.h */ = {isa = PBXFileReference; lastKnownFileType = sourcecode.c.h; path = ExampleAppDelegate.h; sourceTree = "<group>"; };
		758E8D98186367C900A8AFA4 /* ExampleAppDelegate.m */ = {isa = PBXFileReference; lastKnownFileType = sourcecode.c.objc; path = ExampleAppDelegate.m; sourceTree = "<group>"; };
		758E8D9B186367C900A8AFA4 /* Base */ = {isa = PBXFileReference; lastKnownFileType = file.storyboard; name = Base; path = Base.lproj/Main_iPhone.storyboard; sourceTree = "<group>"; };
		758E8D9E186367C900A8AFA4 /* Base */ = {isa = PBXFileReference; lastKnownFileType = file.storyboard; name = Base; path = Base.lproj/Main_iPad.storyboard; sourceTree = "<group>"; };
		758E8DA0186367C900A8AFA4 /* ExampleViewController.h */ = {isa = PBXFileReference; lastKnownFileType = sourcecode.c.h; path = ExampleViewController.h; sourceTree = "<group>"; };
		758E8DA1186367C900A8AFA4 /* ExampleViewController.m */ = {isa = PBXFileReference; lastKnownFileType = sourcecode.c.objc; path = ExampleViewController.m; sourceTree = "<group>"; };
		758E8DA3186367C900A8AFA4 /* Images.xcassets */ = {isa = PBXFileReference; lastKnownFileType = folder.assetcatalog; path = Images.xcassets; sourceTree = "<group>"; };
		75D77B2C19F0778300BD2319 /* CoreGraphics.framework */ = {isa = PBXFileReference; lastKnownFileType = wrapper.framework; name = CoreGraphics.framework; path = System/Library/Frameworks/CoreGraphics.framework; sourceTree = SDKROOT; };
		75D77B2E19F0779600BD2319 /* CoreLocation.framework */ = {isa = PBXFileReference; lastKnownFileType = wrapper.framework; name = CoreLocation.framework; path = System/Library/Frameworks/CoreLocation.framework; sourceTree = SDKROOT; };
		75D77B3019F077A500BD2319 /* QuartzCore.framework */ = {isa = PBXFileReference; lastKnownFileType = wrapper.framework; name = QuartzCore.framework; path = System/Library/Frameworks/QuartzCore.framework; sourceTree = SDKROOT; };
		8A3C40B11E31A9090017AEBC /* Carnival.framework */ = {isa = PBXFileReference; lastKnownFileType = wrapper.framework; path = Carnival.framework; sourceTree = "<group>"; };
		8A3C40B31E31A9090017AEBC /* CarnivalResources.bundle */ = {isa = PBXFileReference; lastKnownFileType = "wrapper.plug-in"; path = CarnivalResources.bundle; sourceTree = "<group>"; };
/* End PBXFileReference section */

/* Begin PBXFrameworksBuildPhase section */
		758E8D82186367C900A8AFA4 /* Frameworks */ = {
			isa = PBXFrameworksBuildPhase;
			buildActionMask = 2147483647;
			files = (
				8A3C40B41E31A9090017AEBC /* Carnival.framework in Frameworks */,
				22B325F41C6153A700A7056D /* Security.framework in Frameworks */,
				75D77B3119F077A500BD2319 /* QuartzCore.framework in Frameworks */,
				75D77B2F19F0779600BD2319 /* CoreLocation.framework in Frameworks */,
				75D77B2D19F0778300BD2319 /* CoreGraphics.framework in Frameworks */,
				758D6AF819AE91E800F09C8D /* MediaPlayer.framework in Frameworks */,
				758D6AF619AE91E000F09C8D /* AVFoundation.framework in Frameworks */,
				228702781CAA2B120087E877 /* Carnival.framework in Frameworks */,
				758E8D8D186367C900A8AFA4 /* UIKit.framework in Frameworks */,
				758E8D89186367C900A8AFA4 /* Foundation.framework in Frameworks */,
			);
			runOnlyForDeploymentPostprocessing = 0;
		};
/* End PBXFrameworksBuildPhase section */

/* Begin PBXGroup section */
		758E8D7C186367C900A8AFA4 = {
			isa = PBXGroup;
			children = (
				758E8D8E186367C900A8AFA4 /* ExampleProject */,
				758E8D87186367C900A8AFA4 /* Frameworks */,
				758E8D86186367C900A8AFA4 /* Products */,
			);
			sourceTree = "<group>";
		};
		758E8D86186367C900A8AFA4 /* Products */ = {
			isa = PBXGroup;
			children = (
				758E8D85186367C900A8AFA4 /* ExampleProject.app */,
			);
			name = Products;
			sourceTree = "<group>";
		};
		758E8D87186367C900A8AFA4 /* Frameworks */ = {
			isa = PBXGroup;
			children = (
				22B325F31C6153A700A7056D /* Security.framework */,
				7566D52919F9B984007D5D27 /* AdSupport.framework */,
				75D77B3019F077A500BD2319 /* QuartzCore.framework */,
				75D77B2E19F0779600BD2319 /* CoreLocation.framework */,
				75D77B2C19F0778300BD2319 /* CoreGraphics.framework */,
				758D6AF719AE91E800F09C8D /* MediaPlayer.framework */,
				758D6AF519AE91E000F09C8D /* AVFoundation.framework */,
				758E8D88186367C900A8AFA4 /* Foundation.framework */,
				758E8D8C186367C900A8AFA4 /* UIKit.framework */,
			);
			name = Frameworks;
			sourceTree = "<group>";
		};
		758E8D8E186367C900A8AFA4 /* ExampleProject */ = {
			isa = PBXGroup;
			children = (
				8A3C40B01E31A9090017AEBC /* Carnival.embeddedframework */,
				758E8D97186367C900A8AFA4 /* ExampleAppDelegate.h */,
				758E8D98186367C900A8AFA4 /* ExampleAppDelegate.m */,
				758E8DA0186367C900A8AFA4 /* ExampleViewController.h */,
				758E8DA1186367C900A8AFA4 /* ExampleViewController.m */,
				758E8D9A186367C900A8AFA4 /* Main_iPhone.storyboard */,
				758E8D9D186367C900A8AFA4 /* Main_iPad.storyboard */,
				758E8DA3186367C900A8AFA4 /* Images.xcassets */,
				758E8D8F186367C900A8AFA4 /* Supporting Files */,
			);
			path = ExampleProject;
			sourceTree = "<group>";
		};
		758E8D8F186367C900A8AFA4 /* Supporting Files */ = {
			isa = PBXGroup;
			children = (
				758E8D90186367C900A8AFA4 /* ExampleProject-Info.plist */,
				758E8D91186367C900A8AFA4 /* InfoPlist.strings */,
				758E8D94186367C900A8AFA4 /* main.m */,
				758E8D96186367C900A8AFA4 /* ExampleProject-Prefix.pch */,
			);
			name = "Supporting Files";
			sourceTree = "<group>";
		};
		8A3C40B01E31A9090017AEBC /* Carnival.embeddedframework */ = {
			isa = PBXGroup;
			children = (
				8A3C40B11E31A9090017AEBC /* Carnival.framework */,
				8A3C40B21E31A9090017AEBC /* Resources */,
			);
			path = Carnival.embeddedframework;
			sourceTree = "<group>";
		};
		8A3C40B21E31A9090017AEBC /* Resources */ = {
			isa = PBXGroup;
			children = (
				8A3C40B31E31A9090017AEBC /* CarnivalResources.bundle */,
			);
			path = Resources;
			sourceTree = "<group>";
		};
/* End PBXGroup section */

/* Begin PBXNativeTarget section */
		758E8D84186367C900A8AFA4 /* ExampleProject */ = {
			isa = PBXNativeTarget;
			buildConfigurationList = 758E8DBA186367CA00A8AFA4 /* Build configuration list for PBXNativeTarget "ExampleProject" */;
			buildPhases = (
				758E8D81186367C900A8AFA4 /* Sources */,
				758E8D82186367C900A8AFA4 /* Frameworks */,
				758E8D83186367C900A8AFA4 /* Resources */,
			);
			buildRules = (
			);
			dependencies = (
			);
			name = ExampleProject;
			productName = ExampleProject;
			productReference = 758E8D85186367C900A8AFA4 /* ExampleProject.app */;
			productType = "com.apple.product-type.application";
		};
/* End PBXNativeTarget section */

/* Begin PBXProject section */
		758E8D7D186367C900A8AFA4 /* Project object */ = {
			isa = PBXProject;
			attributes = {
				LastUpgradeCheck = 0600;
				ORGANIZATIONNAME = "Carnival Labs";
			};
			buildConfigurationList = 758E8D80186367C900A8AFA4 /* Build configuration list for PBXProject "ExampleProject" */;
			compatibilityVersion = "Xcode 3.2";
			developmentRegion = English;
			hasScannedForEncodings = 0;
			knownRegions = (
				en,
				Base,
			);
			mainGroup = 758E8D7C186367C900A8AFA4;
			productRefGroup = 758E8D86186367C900A8AFA4 /* Products */;
			projectDirPath = "";
			projectRoot = "";
			targets = (
				758E8D84186367C900A8AFA4 /* ExampleProject */,
			);
		};
/* End PBXProject section */

/* Begin PBXResourcesBuildPhase section */
		758E8D83186367C900A8AFA4 /* Resources */ = {
			isa = PBXResourcesBuildPhase;
			buildActionMask = 2147483647;
			files = (
				758E8D9F186367C900A8AFA4 /* Main_iPad.storyboard in Resources */,
				758E8D9C186367C900A8AFA4 /* Main_iPhone.storyboard in Resources */,
				758D6AF419AE915600F09C8D /* (null) in Resources */,
				8A3C40B51E31A9090017AEBC /* CarnivalResources.bundle in Resources */,
				758E8DA4186367C900A8AFA4 /* Images.xcassets in Resources */,
				758E8D93186367C900A8AFA4 /* InfoPlist.strings in Resources */,
			);
			runOnlyForDeploymentPostprocessing = 0;
		};
/* End PBXResourcesBuildPhase section */

/* Begin PBXSourcesBuildPhase section */
		758E8D81186367C900A8AFA4 /* Sources */ = {
			isa = PBXSourcesBuildPhase;
			buildActionMask = 2147483647;
			files = (
				758E8DA2186367C900A8AFA4 /* ExampleViewController.m in Sources */,
				758E8D99186367C900A8AFA4 /* ExampleAppDelegate.m in Sources */,
				758E8D95186367C900A8AFA4 /* main.m in Sources */,
			);
			runOnlyForDeploymentPostprocessing = 0;
		};
/* End PBXSourcesBuildPhase section */

/* Begin PBXVariantGroup section */
		758E8D91186367C900A8AFA4 /* InfoPlist.strings */ = {
			isa = PBXVariantGroup;
			children = (
				758E8D92186367C900A8AFA4 /* en */,
			);
			name = InfoPlist.strings;
			sourceTree = "<group>";
		};
		758E8D9A186367C900A8AFA4 /* Main_iPhone.storyboard */ = {
			isa = PBXVariantGroup;
			children = (
				758E8D9B186367C900A8AFA4 /* Base */,
			);
			name = Main_iPhone.storyboard;
			sourceTree = "<group>";
		};
		758E8D9D186367C900A8AFA4 /* Main_iPad.storyboard */ = {
			isa = PBXVariantGroup;
			children = (
				758E8D9E186367C900A8AFA4 /* Base */,
			);
			name = Main_iPad.storyboard;
			sourceTree = "<group>";
		};
/* End PBXVariantGroup section */

/* Begin XCBuildConfiguration section */
		758E8DB8186367CA00A8AFA4 /* Debug */ = {
			isa = XCBuildConfiguration;
			buildSettings = {
				ALWAYS_SEARCH_USER_PATHS = NO;
				ARCHS = "$(ARCHS_STANDARD)";
				CLANG_CXX_LANGUAGE_STANDARD = "gnu++0x";
				CLANG_CXX_LIBRARY = "libc++";
				CLANG_ENABLE_MODULES = YES;
				CLANG_ENABLE_OBJC_ARC = YES;
				CLANG_WARN_BOOL_CONVERSION = YES;
				CLANG_WARN_CONSTANT_CONVERSION = YES;
				CLANG_WARN_DIRECT_OBJC_ISA_USAGE = YES_ERROR;
				CLANG_WARN_EMPTY_BODY = YES;
				CLANG_WARN_ENUM_CONVERSION = YES;
				CLANG_WARN_INT_CONVERSION = YES;
				CLANG_WARN_OBJC_ROOT_CLASS = YES_ERROR;
				CLANG_WARN__DUPLICATE_METHOD_MATCH = YES;
				"CODE_SIGN_IDENTITY[sdk=iphoneos*]" = "iPhone Developer";
				COPY_PHASE_STRIP = NO;
				GCC_C_LANGUAGE_STANDARD = gnu99;
				GCC_DYNAMIC_NO_PIC = NO;
				GCC_OPTIMIZATION_LEVEL = 0;
				GCC_PREPROCESSOR_DEFINITIONS = (
					"DEBUG=1",
					"$(inherited)",
				);
				GCC_SYMBOLS_PRIVATE_EXTERN = NO;
				GCC_WARN_64_TO_32_BIT_CONVERSION = YES;
				GCC_WARN_ABOUT_RETURN_TYPE = YES_ERROR;
				GCC_WARN_UNDECLARED_SELECTOR = YES;
				GCC_WARN_UNINITIALIZED_AUTOS = YES;
				GCC_WARN_UNUSED_FUNCTION = YES;
				GCC_WARN_UNUSED_VARIABLE = YES;
				IPHONEOS_DEPLOYMENT_TARGET = 7.0;
				ONLY_ACTIVE_ARCH = YES;
				SDKROOT = iphoneos;
				TARGETED_DEVICE_FAMILY = "1,2";
				VALID_ARCHS = "armv7 armv7s arm64 i386 x86_64";
			};
			name = Debug;
		};
		758E8DB9186367CA00A8AFA4 /* Release */ = {
			isa = XCBuildConfiguration;
			buildSettings = {
				ALWAYS_SEARCH_USER_PATHS = NO;
				ARCHS = "$(ARCHS_STANDARD)";
				CLANG_CXX_LANGUAGE_STANDARD = "gnu++0x";
				CLANG_CXX_LIBRARY = "libc++";
				CLANG_ENABLE_MODULES = YES;
				CLANG_ENABLE_OBJC_ARC = YES;
				CLANG_WARN_BOOL_CONVERSION = YES;
				CLANG_WARN_CONSTANT_CONVERSION = YES;
				CLANG_WARN_DIRECT_OBJC_ISA_USAGE = YES_ERROR;
				CLANG_WARN_EMPTY_BODY = YES;
				CLANG_WARN_ENUM_CONVERSION = YES;
				CLANG_WARN_INT_CONVERSION = YES;
				CLANG_WARN_OBJC_ROOT_CLASS = YES_ERROR;
				CLANG_WARN__DUPLICATE_METHOD_MATCH = YES;
				"CODE_SIGN_IDENTITY[sdk=iphoneos*]" = "iPhone Developer";
				COPY_PHASE_STRIP = YES;
				ENABLE_NS_ASSERTIONS = NO;
				GCC_C_LANGUAGE_STANDARD = gnu99;
				GCC_WARN_64_TO_32_BIT_CONVERSION = YES;
				GCC_WARN_ABOUT_RETURN_TYPE = YES_ERROR;
				GCC_WARN_UNDECLARED_SELECTOR = YES;
				GCC_WARN_UNINITIALIZED_AUTOS = YES;
				GCC_WARN_UNUSED_FUNCTION = YES;
				GCC_WARN_UNUSED_VARIABLE = YES;
				IPHONEOS_DEPLOYMENT_TARGET = 7.0;
				SDKROOT = iphoneos;
				TARGETED_DEVICE_FAMILY = "1,2";
				VALIDATE_PRODUCT = YES;
				VALID_ARCHS = "armv7 armv7s arm64 i386 x86_64";
			};
			name = Release;
		};
		758E8DBB186367CA00A8AFA4 /* Debug */ = {
			isa = XCBuildConfiguration;
			buildSettings = {
				ARCHS = "$(ARCHS_STANDARD)";
				ASSETCATALOG_COMPILER_APPICON_NAME = AppIcon;
				ASSETCATALOG_COMPILER_LAUNCHIMAGE_NAME = LaunchImage;
				CLANG_MODULES_AUTOLINK = NO;
				FRAMEWORK_SEARCH_PATHS = (
					"$(inherited)",
					"$(PROJECT_DIR)/ExampleProject/Carnival.embeddedframework",
					"$(PROJECT_DIR)/ExampleProject",
					"$(USER_LIBRARY_DIR)/Developer/Xcode/DerivedData/Carnival-bgxlyhbbxuufrgdvzvwjlanfapkg/Build/Products/Debug-iphoneos/Carnival.embeddedframework",
					"$(PROJECT_DIR)/Carnival.embeddedframework",
				);
				GCC_PRECOMPILE_PREFIX_HEADER = YES;
				GCC_PREFIX_HEADER = "ExampleProject/ExampleProject-Prefix.pch";
				INFOPLIST_FILE = "ExampleProject/ExampleProject-Info.plist";
				IPHONEOS_DEPLOYMENT_TARGET = 7.0;
				PRODUCT_NAME = "$(TARGET_NAME)";
				SDKROOT = iphoneos;
				WRAPPER_EXTENSION = app;
			};
			name = Debug;
		};
		758E8DBC186367CA00A8AFA4 /* Release */ = {
			isa = XCBuildConfiguration;
			buildSettings = {
				ARCHS = "$(ARCHS_STANDARD)";
				ASSETCATALOG_COMPILER_APPICON_NAME = AppIcon;
				ASSETCATALOG_COMPILER_LAUNCHIMAGE_NAME = LaunchImage;
				CLANG_MODULES_AUTOLINK = NO;
				FRAMEWORK_SEARCH_PATHS = (
					"$(inherited)",
					"$(PROJECT_DIR)/ExampleProject/Carnival.embeddedframework",
					"$(PROJECT_DIR)/ExampleProject",
					"$(USER_LIBRARY_DIR)/Developer/Xcode/DerivedData/Carnival-bgxlyhbbxuufrgdvzvwjlanfapkg/Build/Products/Debug-iphoneos/Carnival.embeddedframework",
					"$(PROJECT_DIR)/Carnival.embeddedframework",
				);
				GCC_PRECOMPILE_PREFIX_HEADER = YES;
				GCC_PREFIX_HEADER = "ExampleProject/ExampleProject-Prefix.pch";
				INFOPLIST_FILE = "ExampleProject/ExampleProject-Info.plist";
				IPHONEOS_DEPLOYMENT_TARGET = 7.0;
				PRODUCT_NAME = "$(TARGET_NAME)";
				SDKROOT = iphoneos;
				WRAPPER_EXTENSION = app;
			};
			name = Release;
		};
/* End XCBuildConfiguration section */

/* Begin XCConfigurationList section */
		758E8D80186367C900A8AFA4 /* Build configuration list for PBXProject "ExampleProject" */ = {
			isa = XCConfigurationList;
			buildConfigurations = (
				758E8DB8186367CA00A8AFA4 /* Debug */,
				758E8DB9186367CA00A8AFA4 /* Release */,
			);
			defaultConfigurationIsVisible = 0;
			defaultConfigurationName = Release;
		};
		758E8DBA186367CA00A8AFA4 /* Build configuration list for PBXNativeTarget "ExampleProject" */ = {
			isa = XCConfigurationList;
			buildConfigurations = (
				758E8DBB186367CA00A8AFA4 /* Debug */,
				758E8DBC186367CA00A8AFA4 /* Release */,
			);
			defaultConfigurationIsVisible = 0;
			defaultConfigurationName = Release;
		};
/* End XCConfigurationList section */
	};
	rootObject = 758E8D7D186367C900A8AFA4 /* Project object */;
}
